// !$*UTF8*$!
{
	archiveVersion = 1;
	classes = {
	};
	objectVersion = 56;
	objects = {

/* Begin PBXBuildFile section */
		A14459E42BC43596001DC57A /* AppDelegate.swift in Sources */ = {isa = PBXBuildFile; fileRef = A14459E32BC43596001DC57A /* AppDelegate.swift */; };
		A14459E62BC43596001DC57A /* SceneDelegate.swift in Sources */ = {isa = PBXBuildFile; fileRef = A14459E52BC43596001DC57A /* SceneDelegate.swift */; };
		A14459E82BC43596001DC57A /* HelpViewController.swift in Sources */ = {isa = PBXBuildFile; fileRef = A14459E72BC43596001DC57A /* HelpViewController.swift */; };
		A14459EE2BC43596001DC57A /* __________________.xcdatamodeld in Sources */ = {isa = PBXBuildFile; fileRef = A14459EC2BC43596001DC57A /* __________________.xcdatamodeld */; };
		A14459F02BC43598001DC57A /* Assets.xcassets in Resources */ = {isa = PBXBuildFile; fileRef = A14459EF2BC43598001DC57A /* Assets.xcassets */; };
		A14459F32BC43598001DC57A /* LaunchScreen.storyboard in Resources */ = {isa = PBXBuildFile; fileRef = A14459F12BC43598001DC57A /* LaunchScreen.storyboard */; };
		A156733F2BC5666B00D53074 /* Film.swift in Sources */ = {isa = PBXBuildFile; fileRef = A156733E2BC5666B00D53074 /* Film.swift */; };
		A15673422BC56AB400D53074 /* HistoryViewController.swift in Sources */ = {isa = PBXBuildFile; fileRef = A15673412BC56AB400D53074 /* HistoryViewController.swift */; };
		A1AA96222BCE51B4003A2F9A /* TabBarController.swift in Sources */ = {isa = PBXBuildFile; fileRef = A1AA96212BCE51B4003A2F9A /* TabBarController.swift */; };
		A1AA96252BCE52C1003A2F9A /* Resourses.swift in Sources */ = {isa = PBXBuildFile; fileRef = A1AA96242BCE52C1003A2F9A /* Resourses.swift */; };
/* End PBXBuildFile section */

/* Begin PBXFileReference section */
		A14459E02BC43596001DC57A /* Кинопоиск, помоги!.app */ = {isa = PBXFileReference; explicitFileType = wrapper.application; includeInIndex = 0; path = "Кинопоиск, помоги!.app"; sourceTree = BUILT_PRODUCTS_DIR; };
		A14459E32BC43596001DC57A /* AppDelegate.swift */ = {isa = PBXFileReference; lastKnownFileType = sourcecode.swift; path = AppDelegate.swift; sourceTree = "<group>"; };
		A14459E52BC43596001DC57A /* SceneDelegate.swift */ = {isa = PBXFileReference; lastKnownFileType = sourcecode.swift; path = SceneDelegate.swift; sourceTree = "<group>"; };
		A14459E72BC43596001DC57A /* HelpViewController.swift */ = {isa = PBXFileReference; lastKnownFileType = sourcecode.swift; path = HelpViewController.swift; sourceTree = "<group>"; };
		A14459ED2BC43596001DC57A /* __________________.xcdatamodel */ = {isa = PBXFileReference; lastKnownFileType = wrapper.xcdatamodel; path = "__________________.xcdatamodel"; sourceTree = "<group>"; };
		A14459EF2BC43598001DC57A /* Assets.xcassets */ = {isa = PBXFileReference; lastKnownFileType = folder.assetcatalog; path = Assets.xcassets; sourceTree = "<group>"; };
		A14459F22BC43598001DC57A /* Base */ = {isa = PBXFileReference; lastKnownFileType = file.storyboard; name = Base; path = Base.lproj/LaunchScreen.storyboard; sourceTree = "<group>"; };
		A14459F42BC43598001DC57A /* Info.plist */ = {isa = PBXFileReference; lastKnownFileType = text.plist.xml; path = Info.plist; sourceTree = "<group>"; };
		A156733E2BC5666B00D53074 /* Film.swift */ = {isa = PBXFileReference; lastKnownFileType = sourcecode.swift; path = Film.swift; sourceTree = "<group>"; };
		A15673412BC56AB400D53074 /* HistoryViewController.swift */ = {isa = PBXFileReference; lastKnownFileType = sourcecode.swift; path = HistoryViewController.swift; sourceTree = "<group>"; };
		A1AA96212BCE51B4003A2F9A /* TabBarController.swift */ = {isa = PBXFileReference; lastKnownFileType = sourcecode.swift; path = TabBarController.swift; sourceTree = "<group>"; };
		A1AA96242BCE52C1003A2F9A /* Resourses.swift */ = {isa = PBXFileReference; lastKnownFileType = sourcecode.swift; path = Resourses.swift; sourceTree = "<group>"; };
/* End PBXFileReference section */

/* Begin PBXFrameworksBuildPhase section */
		A14459DD2BC43596001DC57A /* Frameworks */ = {
			isa = PBXFrameworksBuildPhase;
			buildActionMask = 2147483647;
			files = (
			);
			runOnlyForDeploymentPostprocessing = 0;
		};
/* End PBXFrameworksBuildPhase section */

/* Begin PBXGroup section */
		A14459D72BC43596001DC57A = {
			isa = PBXGroup;
			children = (
				A14459E22BC43596001DC57A /* Кинопоиск, помоги! */,
				A14459E12BC43596001DC57A /* Products */,
			);
			sourceTree = "<group>";
		};
		A14459E12BC43596001DC57A /* Products */ = {
			isa = PBXGroup;
			children = (
				A14459E02BC43596001DC57A /* Кинопоиск, помоги!.app */,
			);
			name = Products;
			sourceTree = "<group>";
		};
		A14459E22BC43596001DC57A /* Кинопоиск, помоги! */ = {
			isa = PBXGroup;
			children = (
				A15673402BC567FB00D53074 /* Models */,
				A1AA96232BCE5264003A2F9A /* Helpers */,
				A1AA96262BCE58FA003A2F9A /* Application */,
				A1AA96272BCE5FDD003A2F9A /* Controllers */,
				A14459EF2BC43598001DC57A /* Assets.xcassets */,
				A14459F12BC43598001DC57A /* LaunchScreen.storyboard */,
				A14459F42BC43598001DC57A /* Info.plist */,
				A14459EC2BC43596001DC57A /* __________________.xcdatamodeld */,
			);
			path = "Кинопоиск, помоги!";
			sourceTree = "<group>";
		};
		A15673402BC567FB00D53074 /* Models */ = {
			isa = PBXGroup;
			children = (
				A156733E2BC5666B00D53074 /* Film.swift */,
			);
			path = Models;
			sourceTree = "<group>";
		};
		A1AA96232BCE5264003A2F9A /* Helpers */ = {
			isa = PBXGroup;
			children = (
				A1AA96242BCE52C1003A2F9A /* Resourses.swift */,
			);
			path = Helpers;
			sourceTree = "<group>";
		};
		A1AA96262BCE58FA003A2F9A /* Application */ = {
			isa = PBXGroup;
			children = (
				A14459E52BC43596001DC57A /* SceneDelegate.swift */,
				A14459E32BC43596001DC57A /* AppDelegate.swift */,
			);
			path = Application;
			sourceTree = "<group>";
		};
		A1AA96272BCE5FDD003A2F9A /* Controllers */ = {
			isa = PBXGroup;
			children = (
				A1AA96212BCE51B4003A2F9A /* TabBarController.swift */,
				A14459E72BC43596001DC57A /* HelpViewController.swift */,
				A15673412BC56AB400D53074 /* HistoryViewController.swift */,
			);
			path = Controllers;
			sourceTree = "<group>";
		};
/* End PBXGroup section */

/* Begin PBXNativeTarget section */
		A14459DF2BC43596001DC57A /* Кинопоиск, помоги! */ = {
			isa = PBXNativeTarget;
			buildConfigurationList = A14459F72BC43598001DC57A /* Build configuration list for PBXNativeTarget "Кинопоиск, помоги!" */;
			buildPhases = (
				A14459DC2BC43596001DC57A /* Sources */,
				A14459DD2BC43596001DC57A /* Frameworks */,
				A14459DE2BC43596001DC57A /* Resources */,
			);
			buildRules = (
			);
			dependencies = (
			);
			name = "Кинопоиск, помоги!";
			productName = "Кинопоиск, помоги!";
			productReference = A14459E02BC43596001DC57A /* Кинопоиск, помоги!.app */;
			productType = "com.apple.product-type.application";
		};
/* End PBXNativeTarget section */

/* Begin PBXProject section */
		A14459D82BC43596001DC57A /* Project object */ = {
			isa = PBXProject;
			attributes = {
				BuildIndependentTargetsInParallel = 1;
				LastSwiftUpdateCheck = 1420;
				LastUpgradeCheck = 1420;
				TargetAttributes = {
					A14459DF2BC43596001DC57A = {
						CreatedOnToolsVersion = 14.2;
					};
				};
			};
			buildConfigurationList = A14459DB2BC43596001DC57A /* Build configuration list for PBXProject "Кинопоиск, помоги!" */;
			compatibilityVersion = "Xcode 14.0";
			developmentRegion = en;
			hasScannedForEncodings = 0;
			knownRegions = (
				en,
				Base,
			);
			mainGroup = A14459D72BC43596001DC57A;
			productRefGroup = A14459E12BC43596001DC57A /* Products */;
			projectDirPath = "";
			projectRoot = "";
			targets = (
				A14459DF2BC43596001DC57A /* Кинопоиск, помоги! */,
			);
		};
/* End PBXProject section */

/* Begin PBXResourcesBuildPhase section */
		A14459DE2BC43596001DC57A /* Resources */ = {
			isa = PBXResourcesBuildPhase;
			buildActionMask = 2147483647;
			files = (
				A14459F32BC43598001DC57A /* LaunchScreen.storyboard in Resources */,
				A14459F02BC43598001DC57A /* Assets.xcassets in Resources */,
			);
			runOnlyForDeploymentPostprocessing = 0;
		};
/* End PBXResourcesBuildPhase section */

/* Begin PBXSourcesBuildPhase section */
		A14459DC2BC43596001DC57A /* Sources */ = {
			isa = PBXSourcesBuildPhase;
			buildActionMask = 2147483647;
			files = (
				A156733F2BC5666B00D53074 /* Film.swift in Sources */,
				A14459E82BC43596001DC57A /* HelpViewController.swift in Sources */,
				A14459EE2BC43596001DC57A /* __________________.xcdatamodeld in Sources */,
				A15673422BC56AB400D53074 /* HistoryViewController.swift in Sources */,
				A1AA96222BCE51B4003A2F9A /* TabBarController.swift in Sources */,
				A1AA96252BCE52C1003A2F9A /* Resourses.swift in Sources */,
				A14459E42BC43596001DC57A /* AppDelegate.swift in Sources */,
				A14459E62BC43596001DC57A /* SceneDelegate.swift in Sources */,
			);
			runOnlyForDeploymentPostprocessing = 0;
		};
/* End PBXSourcesBuildPhase section */

/* Begin PBXVariantGroup section */
		A14459F12BC43598001DC57A /* LaunchScreen.storyboard */ = {
			isa = PBXVariantGroup;
			children = (
				A14459F22BC43598001DC57A /* Base */,
			);
			name = LaunchScreen.storyboard;
			sourceTree = "<group>";
		};
/* End PBXVariantGroup section */

/* Begin XCBuildConfiguration section */
		A14459F52BC43598001DC57A /* Debug */ = {
			isa = XCBuildConfiguration;
			buildSettings = {
				ALWAYS_SEARCH_USER_PATHS = NO;
				CLANG_ANALYZER_NONNULL = YES;
				CLANG_ANALYZER_NUMBER_OBJECT_CONVERSION = YES_AGGRESSIVE;
				CLANG_CXX_LANGUAGE_STANDARD = "gnu++20";
				CLANG_ENABLE_MODULES = YES;
				CLANG_ENABLE_OBJC_ARC = YES;
				CLANG_ENABLE_OBJC_WEAK = YES;
				CLANG_WARN_BLOCK_CAPTURE_AUTORELEASING = YES;
				CLANG_WARN_BOOL_CONVERSION = YES;
				CLANG_WARN_COMMA = YES;
				CLANG_WARN_CONSTANT_CONVERSION = YES;
				CLANG_WARN_DEPRECATED_OBJC_IMPLEMENTATIONS = YES;
				CLANG_WARN_DIRECT_OBJC_ISA_USAGE = YES_ERROR;
				CLANG_WARN_DOCUMENTATION_COMMENTS = YES;
				CLANG_WARN_EMPTY_BODY = YES;
				CLANG_WARN_ENUM_CONVERSION = YES;
				CLANG_WARN_INFINITE_RECURSION = YES;
				CLANG_WARN_INT_CONVERSION = YES;
				CLANG_WARN_NON_LITERAL_NULL_CONVERSION = YES;
				CLANG_WARN_OBJC_IMPLICIT_RETAIN_SELF = YES;
				CLANG_WARN_OBJC_LITERAL_CONVERSION = YES;
				CLANG_WARN_OBJC_ROOT_CLASS = YES_ERROR;
				CLANG_WARN_QUOTED_INCLUDE_IN_FRAMEWORK_HEADER = YES;
				CLANG_WARN_RANGE_LOOP_ANALYSIS = YES;
				CLANG_WARN_STRICT_PROTOTYPES = YES;
				CLANG_WARN_SUSPICIOUS_MOVE = YES;
				CLANG_WARN_UNGUARDED_AVAILABILITY = YES_AGGRESSIVE;
				CLANG_WARN_UNREACHABLE_CODE = YES;
				CLANG_WARN__DUPLICATE_METHOD_MATCH = YES;
				COPY_PHASE_STRIP = NO;
				DEBUG_INFORMATION_FORMAT = dwarf;
				ENABLE_STRICT_OBJC_MSGSEND = YES;
				ENABLE_TESTABILITY = YES;
				GCC_C_LANGUAGE_STANDARD = gnu11;
				GCC_DYNAMIC_NO_PIC = NO;
				GCC_NO_COMMON_BLOCKS = YES;
				GCC_OPTIMIZATION_LEVEL = 0;
				GCC_PREPROCESSOR_DEFINITIONS = (
					"DEBUG=1",
					"$(inherited)",
				);
				GCC_WARN_64_TO_32_BIT_CONVERSION = YES;
				GCC_WARN_ABOUT_RETURN_TYPE = YES_ERROR;
				GCC_WARN_UNDECLARED_SELECTOR = YES;
				GCC_WARN_UNINITIALIZED_AUTOS = YES_AGGRESSIVE;
				GCC_WARN_UNUSED_FUNCTION = YES;
				GCC_WARN_UNUSED_VARIABLE = YES;
				IPHONEOS_DEPLOYMENT_TARGET = 16.2;
				MTL_ENABLE_DEBUG_INFO = INCLUDE_SOURCE;
				MTL_FAST_MATH = YES;
				ONLY_ACTIVE_ARCH = YES;
				SDKROOT = iphoneos;
				SWIFT_ACTIVE_COMPILATION_CONDITIONS = DEBUG;
				SWIFT_OPTIMIZATION_LEVEL = "-Onone";
			};
			name = Debug;
		};
		A14459F62BC43598001DC57A /* Release */ = {
			isa = XCBuildConfiguration;
			buildSettings = {
				ALWAYS_SEARCH_USER_PATHS = NO;
				CLANG_ANALYZER_NONNULL = YES;
				CLANG_ANALYZER_NUMBER_OBJECT_CONVERSION = YES_AGGRESSIVE;
				CLANG_CXX_LANGUAGE_STANDARD = "gnu++20";
				CLANG_ENABLE_MODULES = YES;
				CLANG_ENABLE_OBJC_ARC = YES;
				CLANG_ENABLE_OBJC_WEAK = YES;
				CLANG_WARN_BLOCK_CAPTURE_AUTORELEASING = YES;
				CLANG_WARN_BOOL_CONVERSION = YES;
				CLANG_WARN_COMMA = YES;
				CLANG_WARN_CONSTANT_CONVERSION = YES;
				CLANG_WARN_DEPRECATED_OBJC_IMPLEMENTATIONS = YES;
				CLANG_WARN_DIRECT_OBJC_ISA_USAGE = YES_ERROR;
				CLANG_WARN_DOCUMENTATION_COMMENTS = YES;
				CLANG_WARN_EMPTY_BODY = YES;
				CLANG_WARN_ENUM_CONVERSION = YES;
				CLANG_WARN_INFINITE_RECURSION = YES;
				CLANG_WARN_INT_CONVERSION = YES;
				CLANG_WARN_NON_LITERAL_NULL_CONVERSION = YES;
				CLANG_WARN_OBJC_IMPLICIT_RETAIN_SELF = YES;
				CLANG_WARN_OBJC_LITERAL_CONVERSION = YES;
				CLANG_WARN_OBJC_ROOT_CLASS = YES_ERROR;
				CLANG_WARN_QUOTED_INCLUDE_IN_FRAMEWORK_HEADER = YES;
				CLANG_WARN_RANGE_LOOP_ANALYSIS = YES;
				CLANG_WARN_STRICT_PROTOTYPES = YES;
				CLANG_WARN_SUSPICIOUS_MOVE = YES;
				CLANG_WARN_UNGUARDED_AVAILABILITY = YES_AGGRESSIVE;
				CLANG_WARN_UNREACHABLE_CODE = YES;
				CLANG_WARN__DUPLICATE_METHOD_MATCH = YES;
				COPY_PHASE_STRIP = NO;
				DEBUG_INFORMATION_FORMAT = "dwarf-with-dsym";
				ENABLE_NS_ASSERTIONS = NO;
				ENABLE_STRICT_OBJC_MSGSEND = YES;
				GCC_C_LANGUAGE_STANDARD = gnu11;
				GCC_NO_COMMON_BLOCKS = YES;
				GCC_WARN_64_TO_32_BIT_CONVERSION = YES;
				GCC_WARN_ABOUT_RETURN_TYPE = YES_ERROR;
				GCC_WARN_UNDECLARED_SELECTOR = YES;
				GCC_WARN_UNINITIALIZED_AUTOS = YES_AGGRESSIVE;
				GCC_WARN_UNUSED_FUNCTION = YES;
				GCC_WARN_UNUSED_VARIABLE = YES;
				IPHONEOS_DEPLOYMENT_TARGET = 16.2;
				MTL_ENABLE_DEBUG_INFO = NO;
				MTL_FAST_MATH = YES;
				SDKROOT = iphoneos;
				SWIFT_COMPILATION_MODE = wholemodule;
				SWIFT_OPTIMIZATION_LEVEL = "-O";
				VALIDATE_PRODUCT = YES;
			};
			name = Release;
		};
		A14459F82BC43598001DC57A /* Debug */ = {
			isa = XCBuildConfiguration;
			buildSettings = {
				ASSETCATALOG_COMPILER_APPICON_NAME = AppIcon;
				ASSETCATALOG_COMPILER_GLOBAL_ACCENT_COLOR_NAME = AccentColor;
				CODE_SIGN_STYLE = Automatic;
				CURRENT_PROJECT_VERSION = 1;
				DEVELOPMENT_TEAM = CZQUC67234;
				GENERATE_INFOPLIST_FILE = YES;
				INFOPLIST_FILE = "Кинопоиск, помоги!/Info.plist";
				INFOPLIST_KEY_LSApplicationCategoryType = "";
				INFOPLIST_KEY_UIApplicationSupportsIndirectInputEvents = YES;
				INFOPLIST_KEY_UILaunchStoryboardName = LaunchScreen;
				INFOPLIST_KEY_UISupportedInterfaceOrientations_iPad = "UIInterfaceOrientationPortrait UIInterfaceOrientationPortraitUpsideDown UIInterfaceOrientationLandscapeLeft UIInterfaceOrientationLandscapeRight";
				INFOPLIST_KEY_UISupportedInterfaceOrientations_iPhone = "UIInterfaceOrientationPortrait UIInterfaceOrientationLandscapeLeft UIInterfaceOrientationLandscapeRight";
				LD_RUNPATH_SEARCH_PATHS = (
					"$(inherited)",
					"@executable_path/Frameworks",
				);
				MARKETING_VERSION = 1.0;
				PRODUCT_BUNDLE_IDENTIFIER = "MeAndMyself.------------------";
				PRODUCT_NAME = "$(TARGET_NAME)";
				SWIFT_EMIT_LOC_STRINGS = YES;
				SWIFT_VERSION = 5.0;
				TARGETED_DEVICE_FAMILY = "1,2";
			};
			name = Debug;
		};
		A14459F92BC43598001DC57A /* Release */ = {
			isa = XCBuildConfiguration;
			buildSettings = {
				ASSETCATALOG_COMPILER_APPICON_NAME = AppIcon;
				ASSETCATALOG_COMPILER_GLOBAL_ACCENT_COLOR_NAME = AccentColor;
				CODE_SIGN_STYLE = Automatic;
				CURRENT_PROJECT_VERSION = 1;
				DEVELOPMENT_TEAM = CZQUC67234;
				GENERATE_INFOPLIST_FILE = YES;
				INFOPLIST_FILE = "Кинопоиск, помоги!/Info.plist";
				INFOPLIST_KEY_LSApplicationCategoryType = "";
				INFOPLIST_KEY_UIApplicationSupportsIndirectInputEvents = YES;
				INFOPLIST_KEY_UILaunchStoryboardName = LaunchScreen;
				INFOPLIST_KEY_UISupportedInterfaceOrientations_iPad = "UIInterfaceOrientationPortrait UIInterfaceOrientationPortraitUpsideDown UIInterfaceOrientationLandscapeLeft UIInterfaceOrientationLandscapeRight";
				INFOPLIST_KEY_UISupportedInterfaceOrientations_iPhone = "UIInterfaceOrientationPortrait UIInterfaceOrientationLandscapeLeft UIInterfaceOrientationLandscapeRight";
				LD_RUNPATH_SEARCH_PATHS = (
					"$(inherited)",
					"@executable_path/Frameworks",
				);
				MARKETING_VERSION = 1.0;
				PRODUCT_BUNDLE_IDENTIFIER = "MeAndMyself.------------------";
				PRODUCT_NAME = "$(TARGET_NAME)";
				SWIFT_EMIT_LOC_STRINGS = YES;
				SWIFT_VERSION = 5.0;
				TARGETED_DEVICE_FAMILY = "1,2";
			};
			name = Release;
		};
/* End XCBuildConfiguration section */

/* Begin XCConfigurationList section */
		A14459DB2BC43596001DC57A /* Build configuration list for PBXProject "Кинопоиск, помоги!" */ = {
			isa = XCConfigurationList;
			buildConfigurations = (
				A14459F52BC43598001DC57A /* Debug */,
				A14459F62BC43598001DC57A /* Release */,
			);
			defaultConfigurationIsVisible = 0;
			defaultConfigurationName = Release;
		};
		A14459F72BC43598001DC57A /* Build configuration list for PBXNativeTarget "Кинопоиск, помоги!" */ = {
			isa = XCConfigurationList;
			buildConfigurations = (
				A14459F82BC43598001DC57A /* Debug */,
				A14459F92BC43598001DC57A /* Release */,
			);
			defaultConfigurationIsVisible = 0;
			defaultConfigurationName = Release;
		};
/* End XCConfigurationList section */

/* Begin XCVersionGroup section */
		A14459EC2BC43596001DC57A /* __________________.xcdatamodeld */ = {
			isa = XCVersionGroup;
			children = (
				A14459ED2BC43596001DC57A /* __________________.xcdatamodel */,
			);
			currentVersion = A14459ED2BC43596001DC57A /* __________________.xcdatamodel */;
			path = "__________________.xcdatamodeld";
			sourceTree = "<group>";
			versionGroupType = wrapper.xcdatamodel;
		};
/* End XCVersionGroup section */
	};
	rootObject = A14459D82BC43596001DC57A /* Project object */;
}
